
Microsoft Visual Studio Solution File, Format Version 12.00
# Visual Studio 14
VisualStudioVersion = 14.0.25420.1
MinimumVisualStudioVersion = 10.0.40219.1
Project("{FAE04EC0-301F-11D3-BF4B-00C04F79EFBC}") = "AngkorMoon.DataModel", "AngkorMoon.DataModel\AngkorMoon.DataModel.csproj", "{635DCF7B-4BB0-435E-A602-514DE6E2C3C1}"
EndProject
Project("{FAE04EC0-301F-11D3-BF4B-00C04F79EFBC}") = "AngkorMoon.Desktop", "AngkorMoon.Desktop\AngkorMoon.Desktop.csproj", "{C7BD6132-9B58-4C1F-94B0-C0BC2C7D51AE}"
EndProject
Global
	GlobalSection(SolutionConfigurationPlatforms) = preSolution
		Debug|Any CPU = Debug|Any CPU
		Release|Any CPU = Release|Any CPU
	EndGlobalSection
	GlobalSection(ProjectConfigurationPlatforms) = postSolution
		{635DCF7B-4BB0-435E-A602-514DE6E2C3C1}.Debug|Any CPU.ActiveCfg = Debug|Any CPU
		{635DCF7B-4BB0-435E-A602-514DE6E2C3C1}.Debug|Any CPU.Build.0 = Debug|Any CPU
		{635DCF7B-4BB0-435E-A602-514DE6E2C3C1}.Release|Any CPU.ActiveCfg = Release|Any CPU
		{635DCF7B-4BB0-435E-A602-514DE6E2C3C1}.Release|Any CPU.Build.0 = Release|Any CPU
		{C7BD6132-9B58-4C1F-94B0-C0BC2C7D51AE}.Debug|Any CPU.ActiveCfg = Debug|Any CPU
		{C7BD6132-9B58-4C1F-94B0-C0BC2C7D51AE}.Debug|Any CPU.Build.0 = Debug|Any CPU
		{C7BD6132-9B58-4C1F-94B0-C0BC2C7D51AE}.Release|Any CPU.ActiveCfg = Release|Any CPU
		{C7BD6132-9B58-4C1F-94B0-C0BC2C7D51AE}.Release|Any CPU.Build.0 = Release|Any CPU
	EndGlobalSection
	GlobalSection(SolutionProperties) = preSolution
		HideSolutionNode = FALSE
	EndGlobalSection
EndGlobal
